
Microsoft Visual Studio Solution File, Format Version 12.00
# Visual Studio Version 17
VisualStudioVersion = 17.14.36511.14 d17.14
MinimumVisualStudioVersion = 10.0.40219.1
Project("{FAE04EC0-301F-11D3-BF4B-00C04F79EFBC}") = "LAB 6.0", "LAB 6.0\LAB 6.0.csproj", "{491B780E-5755-4F41-8549-CB14760A495E}"
EndProject
Global
	GlobalSection(SolutionConfigurationPlatforms) = preSolution
		Debug|Any CPU = Debug|Any CPU
		Release|Any CPU = Release|Any CPU
	EndGlobalSection
	GlobalSection(ProjectConfigurationPlatforms) = postSolution
		{491B780E-5755-4F41-8549-CB14760A495E}.Debug|Any CPU.ActiveCfg = Debug|Any CPU
		{491B780E-5755-4F41-8549-CB14760A495E}.Debug|Any CPU.Build.0 = Debug|Any CPU
		{491B780E-5755-4F41-8549-CB14760A495E}.Release|Any CPU.ActiveCfg = Release|Any CPU
		{491B780E-5755-4F41-8549-CB14760A495E}.Release|Any CPU.Build.0 = Release|Any CPU
	EndGlobalSection
	GlobalSection(SolutionProperties) = preSolution
		HideSolutionNode = FALSE
	EndGlobalSection
	GlobalSection(ExtensibilityGlobals) = postSolution
		SolutionGuid = {9853EEA2-5F40-4100-AEDB-48D9F990372A}
	EndGlobalSection
EndGlobal
